
Microsoft Visual Studio Solution File, Format Version 12.00
# Visual Studio Version 16
VisualStudioVersion = 25.0.1706.4
MinimumVisualStudioVersion = 10.0.40219.1
Project("{FAE04EC0-301F-11D3-BF4B-00C04F79EFBC}") = "SelfEducation.Benchmark", "SelfEducation.Benchmark\SelfEducation.Benchmark.csproj", "{809C7010-1CCA-4799-A302-A664F26A7740}"
EndProject
Global
	GlobalSection(SolutionConfigurationPlatforms) = preSolution
		Debug|Any CPU = Debug|Any CPU
		Release|Any CPU = Release|Any CPU
	EndGlobalSection
	GlobalSection(ProjectConfigurationPlatforms) = postSolution
		{809C7010-1CCA-4799-A302-A664F26A7740}.Debug|Any CPU.ActiveCfg = Debug|Any CPU
		{809C7010-1CCA-4799-A302-A664F26A7740}.Debug|Any CPU.Build.0 = Debug|Any CPU
		{809C7010-1CCA-4799-A302-A664F26A7740}.Release|Any CPU.ActiveCfg = Release|Any CPU
		{809C7010-1CCA-4799-A302-A664F26A7740}.Release|Any CPU.Build.0 = Release|Any CPU
	EndGlobalSection
	GlobalSection(SolutionProperties) = preSolution
		HideSolutionNode = FALSE
	EndGlobalSection
	GlobalSection(ExtensibilityGlobals) = postSolution
		SolutionGuid = {C787B8B1-BE19-4BA2-9763-6571E6C6257B}
	EndGlobalSection
EndGlobal
